
Microsoft Visual Studio Solution File, Format Version 12.00
# Visual Studio Version 17
VisualStudioVersion = 17.2.32526.322
MinimumVisualStudioVersion = 10.0.40219.1
Project("{FAE04EC0-301F-11D3-BF4B-00C04F79EFBC}") = "Projeto05.Services.Api", "Projeto05.Services.Api\Projeto05.Services.Api.csproj", "{8838F65F-8DAD-4574-BF9E-6737D06B85F1}"
EndProject
Global
	GlobalSection(SolutionConfigurationPlatforms) = preSolution
		Debug|Any CPU = Debug|Any CPU
		Release|Any CPU = Release|Any CPU
	EndGlobalSection
	GlobalSection(ProjectConfigurationPlatforms) = postSolution
		{8838F65F-8DAD-4574-BF9E-6737D06B85F1}.Debug|Any CPU.ActiveCfg = Debug|Any CPU
		{8838F65F-8DAD-4574-BF9E-6737D06B85F1}.Debug|Any CPU.Build.0 = Debug|Any CPU
		{8838F65F-8DAD-4574-BF9E-6737D06B85F1}.Release|Any CPU.ActiveCfg = Release|Any CPU
		{8838F65F-8DAD-4574-BF9E-6737D06B85F1}.Release|Any CPU.Build.0 = Release|Any CPU
	EndGlobalSection
	GlobalSection(SolutionProperties) = preSolution
		HideSolutionNode = FALSE
	EndGlobalSection
	GlobalSection(ExtensibilityGlobals) = postSolution
		SolutionGuid = {2A56CB02-A62E-480B-810A-F5FBD7CB9CBF}
	EndGlobalSection
EndGlobal
